// !$*UTF8*$!
{
	archiveVersion = 1;
	classes = {
	};
	objectVersion = 55;
	objects = {

/* Begin PBXBuildFile section */
		4830CC1B27E697D100AE763F /* DataTypes.swift in Sources */ = {isa = PBXBuildFile; fileRef = 4830CC1A27E697D100AE763F /* DataTypes.swift */; };
		4830CC1D27E6A6A600AE763F /* ActionsDetailView.swift in Sources */ = {isa = PBXBuildFile; fileRef = 4830CC1C27E6A6A600AE763F /* ActionsDetailView.swift */; };
		4830CC1F27E6F42400AE763F /* Styles.swift in Sources */ = {isa = PBXBuildFile; fileRef = 4830CC1E27E6F42400AE763F /* Styles.swift */; };
		4839BFE427EC2629006A93E4 /* Skills.json in Resources */ = {isa = PBXBuildFile; fileRef = 4839BFE327EC2629006A93E4 /* Skills.json */; };
		483D990B27E556FB00016E36 /* AllItemsView.swift in Sources */ = {isa = PBXBuildFile; fileRef = 483D990A27E556FB00016E36 /* AllItemsView.swift */; };
		483D990D27E5764500016E36 /* ConditionsDetailView.swift in Sources */ = {isa = PBXBuildFile; fileRef = 483D990C27E5764500016E36 /* ConditionsDetailView.swift */; };
		483D990F27E586AF00016E36 /* Actions.json in Resources */ = {isa = PBXBuildFile; fileRef = 483D990E27E586AF00016E36 /* Actions.json */; };
		48982FB527E06D9B001CF0E6 /* ConditionsView.swift in Sources */ = {isa = PBXBuildFile; fileRef = 48982FB427E06D9B001CF0E6 /* ConditionsView.swift */; };
		48A2C14F27E30D760026CBF7 /* DetailView.swift in Sources */ = {isa = PBXBuildFile; fileRef = 48A2C14E27E30D760026CBF7 /* DetailView.swift */; };
		48A2C15127E30DDB0026CBF7 /* ActionsView.swift in Sources */ = {isa = PBXBuildFile; fileRef = 48A2C15027E30DDB0026CBF7 /* ActionsView.swift */; };
		48A2C15327E30E0B0026CBF7 /* SkillsView.swift in Sources */ = {isa = PBXBuildFile; fileRef = 48A2C15227E30E0B0026CBF7 /* SkillsView.swift */; };
		48A2C15527E312A80026CBF7 /* SubContentView.swift in Sources */ = {isa = PBXBuildFile; fileRef = 48A2C15427E312A80026CBF7 /* SubContentView.swift */; };
		48E099D127E012CD00FC341F /* Pathfinder2eReferenceApp.swift in Sources */ = {isa = PBXBuildFile; fileRef = 48E099D027E012CD00FC341F /* Pathfinder2eReferenceApp.swift */; };
		48E099D327E012CD00FC341F /* ContentView.swift in Sources */ = {isa = PBXBuildFile; fileRef = 48E099D227E012CD00FC341F /* ContentView.swift */; };
		48E099D527E012CE00FC341F /* Assets.xcassets in Resources */ = {isa = PBXBuildFile; fileRef = 48E099D427E012CE00FC341F /* Assets.xcassets */; };
		48E099D827E012CE00FC341F /* Preview Assets.xcassets in Resources */ = {isa = PBXBuildFile; fileRef = 48E099D727E012CE00FC341F /* Preview Assets.xcassets */; };
		48E099E127E02AF100FC341F /* Conditions.json in Resources */ = {isa = PBXBuildFile; fileRef = 48E099E027E02AF100FC341F /* Conditions.json */; };
		48EC044F27F1515A00EC1FEF /* SkillsDetailView.swift in Sources */ = {isa = PBXBuildFile; fileRef = 48EC044E27F1515A00EC1FEF /* SkillsDetailView.swift */; };
/* End PBXBuildFile section */

/* Begin PBXFileReference section */
		4830CC1A27E697D100AE763F /* DataTypes.swift */ = {isa = PBXFileReference; lastKnownFileType = sourcecode.swift; path = DataTypes.swift; sourceTree = "<group>"; };
		4830CC1C27E6A6A600AE763F /* ActionsDetailView.swift */ = {isa = PBXFileReference; lastKnownFileType = sourcecode.swift; path = ActionsDetailView.swift; sourceTree = "<group>"; };
		4830CC1E27E6F42400AE763F /* Styles.swift */ = {isa = PBXFileReference; lastKnownFileType = sourcecode.swift; path = Styles.swift; sourceTree = "<group>"; };
		4839BFE327EC2629006A93E4 /* Skills.json */ = {isa = PBXFileReference; lastKnownFileType = text.json; path = Skills.json; sourceTree = "<group>"; };
		483D990A27E556FB00016E36 /* AllItemsView.swift */ = {isa = PBXFileReference; lastKnownFileType = sourcecode.swift; path = AllItemsView.swift; sourceTree = "<group>"; };
		483D990C27E5764500016E36 /* ConditionsDetailView.swift */ = {isa = PBXFileReference; lastKnownFileType = sourcecode.swift; path = ConditionsDetailView.swift; sourceTree = "<group>"; };
		483D990E27E586AF00016E36 /* Actions.json */ = {isa = PBXFileReference; lastKnownFileType = text.json; path = Actions.json; sourceTree = "<group>"; };
		48982FB427E06D9B001CF0E6 /* ConditionsView.swift */ = {isa = PBXFileReference; lastKnownFileType = sourcecode.swift; path = ConditionsView.swift; sourceTree = "<group>"; };
		48A2C14E27E30D760026CBF7 /* DetailView.swift */ = {isa = PBXFileReference; lastKnownFileType = sourcecode.swift; path = DetailView.swift; sourceTree = "<group>"; };
		48A2C15027E30DDB0026CBF7 /* ActionsView.swift */ = {isa = PBXFileReference; lastKnownFileType = sourcecode.swift; path = ActionsView.swift; sourceTree = "<group>"; };
		48A2C15227E30E0B0026CBF7 /* SkillsView.swift */ = {isa = PBXFileReference; lastKnownFileType = sourcecode.swift; path = SkillsView.swift; sourceTree = "<group>"; };
		48A2C15427E312A80026CBF7 /* SubContentView.swift */ = {isa = PBXFileReference; lastKnownFileType = sourcecode.swift; path = SubContentView.swift; sourceTree = "<group>"; };
		48E099CD27E012CD00FC341F /* Pathfinder2eReference.app */ = {isa = PBXFileReference; explicitFileType = wrapper.application; includeInIndex = 0; path = Pathfinder2eReference.app; sourceTree = BUILT_PRODUCTS_DIR; };
		48E099D027E012CD00FC341F /* Pathfinder2eReferenceApp.swift */ = {isa = PBXFileReference; lastKnownFileType = sourcecode.swift; path = Pathfinder2eReferenceApp.swift; sourceTree = "<group>"; };
		48E099D227E012CD00FC341F /* ContentView.swift */ = {isa = PBXFileReference; lastKnownFileType = sourcecode.swift; path = ContentView.swift; sourceTree = "<group>"; };
		48E099D427E012CE00FC341F /* Assets.xcassets */ = {isa = PBXFileReference; lastKnownFileType = folder.assetcatalog; path = Assets.xcassets; sourceTree = "<group>"; };
		48E099D727E012CE00FC341F /* Preview Assets.xcassets */ = {isa = PBXFileReference; lastKnownFileType = folder.assetcatalog; path = "Preview Assets.xcassets"; sourceTree = "<group>"; };
		48E099D927E012CE00FC341F /* Pathfinder2eReference.entitlements */ = {isa = PBXFileReference; lastKnownFileType = text.plist.entitlements; path = Pathfinder2eReference.entitlements; sourceTree = "<group>"; };
		48E099E027E02AF100FC341F /* Conditions.json */ = {isa = PBXFileReference; lastKnownFileType = text.json; path = Conditions.json; sourceTree = "<group>"; xcLanguageSpecificationIdentifier = xcode.lang.json; };
		48EC044E27F1515A00EC1FEF /* SkillsDetailView.swift */ = {isa = PBXFileReference; lastKnownFileType = sourcecode.swift; path = SkillsDetailView.swift; sourceTree = "<group>"; };
/* End PBXFileReference section */

/* Begin PBXFrameworksBuildPhase section */
		48E099CA27E012CD00FC341F /* Frameworks */ = {
			isa = PBXFrameworksBuildPhase;
			buildActionMask = 2147483647;
			files = (
			);
			runOnlyForDeploymentPostprocessing = 0;
		};
/* End PBXFrameworksBuildPhase section */

/* Begin PBXGroup section */
		48E099C427E012CD00FC341F = {
			isa = PBXGroup;
			children = (
				48E099CF27E012CD00FC341F /* Pathfinder2eReference */,
				48E099CE27E012CD00FC341F /* Products */,
			);
			sourceTree = "<group>";
		};
		48E099CE27E012CD00FC341F /* Products */ = {
			isa = PBXGroup;
			children = (
				48E099CD27E012CD00FC341F /* Pathfinder2eReference.app */,
			);
			name = Products;
			sourceTree = "<group>";
		};
		48E099CF27E012CD00FC341F /* Pathfinder2eReference */ = {
			isa = PBXGroup;
			children = (
				48E099DF27E02A6700FC341F /* data files */,
				48E099D027E012CD00FC341F /* Pathfinder2eReferenceApp.swift */,
				4830CC1E27E6F42400AE763F /* Styles.swift */,
				4830CC1A27E697D100AE763F /* DataTypes.swift */,
				48E099D227E012CD00FC341F /* ContentView.swift */,
				48A2C15427E312A80026CBF7 /* SubContentView.swift */,
				48A2C15027E30DDB0026CBF7 /* ActionsView.swift */,
				48982FB427E06D9B001CF0E6 /* ConditionsView.swift */,
				48A2C15227E30E0B0026CBF7 /* SkillsView.swift */,
				483D990A27E556FB00016E36 /* AllItemsView.swift */,
				48A2C14E27E30D760026CBF7 /* DetailView.swift */,
				4830CC1C27E6A6A600AE763F /* ActionsDetailView.swift */,
				483D990C27E5764500016E36 /* ConditionsDetailView.swift */,
				48EC044E27F1515A00EC1FEF /* SkillsDetailView.swift */,
				48E099D427E012CE00FC341F /* Assets.xcassets */,
				48E099D927E012CE00FC341F /* Pathfinder2eReference.entitlements */,
				48E099D627E012CE00FC341F /* Preview Content */,
			);
			path = Pathfinder2eReference;
			sourceTree = "<group>";
		};
		48E099D627E012CE00FC341F /* Preview Content */ = {
			isa = PBXGroup;
			children = (
				48E099D727E012CE00FC341F /* Preview Assets.xcassets */,
			);
			path = "Preview Content";
			sourceTree = "<group>";
		};
		48E099DF27E02A6700FC341F /* data files */ = {
			isa = PBXGroup;
			children = (
				48E099E027E02AF100FC341F /* Conditions.json */,
				483D990E27E586AF00016E36 /* Actions.json */,
				4839BFE327EC2629006A93E4 /* Skills.json */,
			);
			path = "data files";
			sourceTree = "<group>";
		};
/* End PBXGroup section */

/* Begin PBXNativeTarget section */
		48E099CC27E012CD00FC341F /* Pathfinder2eReference */ = {
			isa = PBXNativeTarget;
			buildConfigurationList = 48E099DC27E012CE00FC341F /* Build configuration list for PBXNativeTarget "Pathfinder2eReference" */;
			buildPhases = (
				48E099C927E012CD00FC341F /* Sources */,
				48E099CA27E012CD00FC341F /* Frameworks */,
				48E099CB27E012CD00FC341F /* Resources */,
			);
			buildRules = (
			);
			dependencies = (
			);
			name = Pathfinder2eReference;
			productName = Pathfinder2eReference;
			productReference = 48E099CD27E012CD00FC341F /* Pathfinder2eReference.app */;
			productType = "com.apple.product-type.application";
		};
/* End PBXNativeTarget section */

/* Begin PBXProject section */
		48E099C527E012CD00FC341F /* Project object */ = {
			isa = PBXProject;
			attributes = {
				BuildIndependentTargetsInParallel = 1;
				LastSwiftUpdateCheck = 1320;
				LastUpgradeCheck = 1330;
				TargetAttributes = {
					48E099CC27E012CD00FC341F = {
						CreatedOnToolsVersion = 13.2.1;
					};
				};
			};
			buildConfigurationList = 48E099C827E012CD00FC341F /* Build configuration list for PBXProject "Pathfinder2eReference" */;
			compatibilityVersion = "Xcode 13.0";
			developmentRegion = en;
			hasScannedForEncodings = 0;
			knownRegions = (
				en,
				Base,
			);
			mainGroup = 48E099C427E012CD00FC341F;
			productRefGroup = 48E099CE27E012CD00FC341F /* Products */;
			projectDirPath = "";
			projectRoot = "";
			targets = (
				48E099CC27E012CD00FC341F /* Pathfinder2eReference */,
			);
		};
/* End PBXProject section */

/* Begin PBXResourcesBuildPhase section */
		48E099CB27E012CD00FC341F /* Resources */ = {
			isa = PBXResourcesBuildPhase;
			buildActionMask = 2147483647;
			files = (
				4839BFE427EC2629006A93E4 /* Skills.json in Resources */,
				48E099D827E012CE00FC341F /* Preview Assets.xcassets in Resources */,
				483D990F27E586AF00016E36 /* Actions.json in Resources */,
				48E099E127E02AF100FC341F /* Conditions.json in Resources */,
				48E099D527E012CE00FC341F /* Assets.xcassets in Resources */,
			);
			runOnlyForDeploymentPostprocessing = 0;
		};
/* End PBXResourcesBuildPhase section */

/* Begin PBXSourcesBuildPhase section */
		48E099C927E012CD00FC341F /* Sources */ = {
			isa = PBXSourcesBuildPhase;
			buildActionMask = 2147483647;
			files = (
				48A2C15327E30E0B0026CBF7 /* SkillsView.swift in Sources */,
				48A2C15127E30DDB0026CBF7 /* ActionsView.swift in Sources */,
				48E099D327E012CD00FC341F /* ContentView.swift in Sources */,
				4830CC1F27E6F42400AE763F /* Styles.swift in Sources */,
				483D990D27E5764500016E36 /* ConditionsDetailView.swift in Sources */,
				483D990B27E556FB00016E36 /* AllItemsView.swift in Sources */,
				48EC044F27F1515A00EC1FEF /* SkillsDetailView.swift in Sources */,
				4830CC1D27E6A6A600AE763F /* ActionsDetailView.swift in Sources */,
				48A2C14F27E30D760026CBF7 /* DetailView.swift in Sources */,
				48A2C15527E312A80026CBF7 /* SubContentView.swift in Sources */,
				4830CC1B27E697D100AE763F /* DataTypes.swift in Sources */,
				48E099D127E012CD00FC341F /* Pathfinder2eReferenceApp.swift in Sources */,
				48982FB527E06D9B001CF0E6 /* ConditionsView.swift in Sources */,
			);
			runOnlyForDeploymentPostprocessing = 0;
		};
/* End PBXSourcesBuildPhase section */

/* Begin XCBuildConfiguration section */
		48E099DA27E012CE00FC341F /* Debug */ = {
			isa = XCBuildConfiguration;
			buildSettings = {
				ALWAYS_SEARCH_USER_PATHS = NO;
				CLANG_ANALYZER_NONNULL = YES;
				CLANG_ANALYZER_NUMBER_OBJECT_CONVERSION = YES_AGGRESSIVE;
				CLANG_CXX_LANGUAGE_STANDARD = "gnu++17";
				CLANG_CXX_LIBRARY = "libc++";
				CLANG_ENABLE_MODULES = YES;
				CLANG_ENABLE_OBJC_ARC = YES;
				CLANG_ENABLE_OBJC_WEAK = YES;
				CLANG_WARN_BLOCK_CAPTURE_AUTORELEASING = YES;
				CLANG_WARN_BOOL_CONVERSION = YES;
				CLANG_WARN_COMMA = YES;
				CLANG_WARN_CONSTANT_CONVERSION = YES;
				CLANG_WARN_DEPRECATED_OBJC_IMPLEMENTATIONS = YES;
				CLANG_WARN_DIRECT_OBJC_ISA_USAGE = YES_ERROR;
				CLANG_WARN_DOCUMENTATION_COMMENTS = YES;
				CLANG_WARN_EMPTY_BODY = YES;
				CLANG_WARN_ENUM_CONVERSION = YES;
				CLANG_WARN_INFINITE_RECURSION = YES;
				CLANG_WARN_INT_CONVERSION = YES;
				CLANG_WARN_NON_LITERAL_NULL_CONVERSION = YES;
				CLANG_WARN_OBJC_IMPLICIT_RETAIN_SELF = YES;
				CLANG_WARN_OBJC_LITERAL_CONVERSION = YES;
				CLANG_WARN_OBJC_ROOT_CLASS = YES_ERROR;
				CLANG_WARN_QUOTED_INCLUDE_IN_FRAMEWORK_HEADER = YES;
				CLANG_WARN_RANGE_LOOP_ANALYSIS = YES;
				CLANG_WARN_STRICT_PROTOTYPES = YES;
				CLANG_WARN_SUSPICIOUS_MOVE = YES;
				CLANG_WARN_UNGUARDED_AVAILABILITY = YES_AGGRESSIVE;
				CLANG_WARN_UNREACHABLE_CODE = YES;
				CLANG_WARN__DUPLICATE_METHOD_MATCH = YES;
				COPY_PHASE_STRIP = NO;
				DEBUG_INFORMATION_FORMAT = dwarf;
				ENABLE_STRICT_OBJC_MSGSEND = YES;
				ENABLE_TESTABILITY = YES;
				GCC_C_LANGUAGE_STANDARD = gnu11;
				GCC_DYNAMIC_NO_PIC = NO;
				GCC_NO_COMMON_BLOCKS = YES;
				GCC_OPTIMIZATION_LEVEL = 0;
				GCC_PREPROCESSOR_DEFINITIONS = (
					"DEBUG=1",
					"$(inherited)",
				);
				GCC_WARN_64_TO_32_BIT_CONVERSION = YES;
				GCC_WARN_ABOUT_RETURN_TYPE = YES_ERROR;
				GCC_WARN_UNDECLARED_SELECTOR = YES;
				GCC_WARN_UNINITIALIZED_AUTOS = YES_AGGRESSIVE;
				GCC_WARN_UNUSED_FUNCTION = YES;
				GCC_WARN_UNUSED_VARIABLE = YES;
				MACOSX_DEPLOYMENT_TARGET = 12.1;
				MTL_ENABLE_DEBUG_INFO = INCLUDE_SOURCE;
				MTL_FAST_MATH = YES;
				ONLY_ACTIVE_ARCH = YES;
				SDKROOT = macosx;
				SWIFT_ACTIVE_COMPILATION_CONDITIONS = DEBUG;
				SWIFT_OPTIMIZATION_LEVEL = "-Onone";
			};
			name = Debug;
		};
		48E099DB27E012CE00FC341F /* Release */ = {
			isa = XCBuildConfiguration;
			buildSettings = {
				ALWAYS_SEARCH_USER_PATHS = NO;
				CLANG_ANALYZER_NONNULL = YES;
				CLANG_ANALYZER_NUMBER_OBJECT_CONVERSION = YES_AGGRESSIVE;
				CLANG_CXX_LANGUAGE_STANDARD = "gnu++17";
				CLANG_CXX_LIBRARY = "libc++";
				CLANG_ENABLE_MODULES = YES;
				CLANG_ENABLE_OBJC_ARC = YES;
				CLANG_ENABLE_OBJC_WEAK = YES;
				CLANG_WARN_BLOCK_CAPTURE_AUTORELEASING = YES;
				CLANG_WARN_BOOL_CONVERSION = YES;
				CLANG_WARN_COMMA = YES;
				CLANG_WARN_CONSTANT_CONVERSION = YES;
				CLANG_WARN_DEPRECATED_OBJC_IMPLEMENTATIONS = YES;
				CLANG_WARN_DIRECT_OBJC_ISA_USAGE = YES_ERROR;
				CLANG_WARN_DOCUMENTATION_COMMENTS = YES;
				CLANG_WARN_EMPTY_BODY = YES;
				CLANG_WARN_ENUM_CONVERSION = YES;
				CLANG_WARN_INFINITE_RECURSION = YES;
				CLANG_WARN_INT_CONVERSION = YES;
				CLANG_WARN_NON_LITERAL_NULL_CONVERSION = YES;
				CLANG_WARN_OBJC_IMPLICIT_RETAIN_SELF = YES;
				CLANG_WARN_OBJC_LITERAL_CONVERSION = YES;
				CLANG_WARN_OBJC_ROOT_CLASS = YES_ERROR;
				CLANG_WARN_QUOTED_INCLUDE_IN_FRAMEWORK_HEADER = YES;
				CLANG_WARN_RANGE_LOOP_ANALYSIS = YES;
				CLANG_WARN_STRICT_PROTOTYPES = YES;
				CLANG_WARN_SUSPICIOUS_MOVE = YES;
				CLANG_WARN_UNGUARDED_AVAILABILITY = YES_AGGRESSIVE;
				CLANG_WARN_UNREACHABLE_CODE = YES;
				CLANG_WARN__DUPLICATE_METHOD_MATCH = YES;
				COPY_PHASE_STRIP = NO;
				DEBUG_INFORMATION_FORMAT = "dwarf-with-dsym";
				ENABLE_NS_ASSERTIONS = NO;
				ENABLE_STRICT_OBJC_MSGSEND = YES;
				GCC_C_LANGUAGE_STANDARD = gnu11;
				GCC_NO_COMMON_BLOCKS = YES;
				GCC_WARN_64_TO_32_BIT_CONVERSION = YES;
				GCC_WARN_ABOUT_RETURN_TYPE = YES_ERROR;
				GCC_WARN_UNDECLARED_SELECTOR = YES;
				GCC_WARN_UNINITIALIZED_AUTOS = YES_AGGRESSIVE;
				GCC_WARN_UNUSED_FUNCTION = YES;
				GCC_WARN_UNUSED_VARIABLE = YES;
				MACOSX_DEPLOYMENT_TARGET = 12.1;
				MTL_ENABLE_DEBUG_INFO = NO;
				MTL_FAST_MATH = YES;
				SDKROOT = macosx;
				SWIFT_COMPILATION_MODE = wholemodule;
				SWIFT_OPTIMIZATION_LEVEL = "-O";
			};
			name = Release;
		};
		48E099DD27E012CE00FC341F /* Debug */ = {
			isa = XCBuildConfiguration;
			buildSettings = {
				ASSETCATALOG_COMPILER_APPICON_NAME = AppIcon;
				ASSETCATALOG_COMPILER_GLOBAL_ACCENT_COLOR_NAME = AccentColor;
				CODE_SIGN_ENTITLEMENTS = Pathfinder2eReference/Pathfinder2eReference.entitlements;
				CODE_SIGN_IDENTITY = "-";
				CODE_SIGN_STYLE = Automatic;
				COMBINE_HIDPI_IMAGES = YES;
				CURRENT_PROJECT_VERSION = 1;
				DEVELOPMENT_ASSET_PATHS = "\"Pathfinder2eReference/Preview Content\"";
				DEVELOPMENT_TEAM = X6UC9GZN56;
				ENABLE_HARDENED_RUNTIME = YES;
				ENABLE_PREVIEWS = YES;
				GENERATE_INFOPLIST_FILE = YES;
				INFOPLIST_KEY_NSHumanReadableCopyright = "";
				LD_RUNPATH_SEARCH_PATHS = (
					"$(inherited)",
					"@executable_path/../Frameworks",
				);
				MARKETING_VERSION = 1.0;
				PRODUCT_BUNDLE_IDENTIFIER = au.id.newton.Pathfinder2eReference;
				PRODUCT_NAME = "$(TARGET_NAME)";
				SWIFT_EMIT_LOC_STRINGS = YES;
				SWIFT_VERSION = 5.0;
			};
			name = Debug;
		};
		48E099DE27E012CE00FC341F /* Release */ = {
			isa = XCBuildConfiguration;
			buildSettings = {
				ASSETCATALOG_COMPILER_APPICON_NAME = AppIcon;
				ASSETCATALOG_COMPILER_GLOBAL_ACCENT_COLOR_NAME = AccentColor;
				CODE_SIGN_ENTITLEMENTS = Pathfinder2eReference/Pathfinder2eReference.entitlements;
				CODE_SIGN_IDENTITY = "-";
				CODE_SIGN_STYLE = Automatic;
				COMBINE_HIDPI_IMAGES = YES;
				CURRENT_PROJECT_VERSION = 1;
				DEVELOPMENT_ASSET_PATHS = "\"Pathfinder2eReference/Preview Content\"";
				DEVELOPMENT_TEAM = X6UC9GZN56;
				ENABLE_HARDENED_RUNTIME = YES;
				ENABLE_PREVIEWS = YES;
				GENERATE_INFOPLIST_FILE = YES;
				INFOPLIST_KEY_NSHumanReadableCopyright = "";
				LD_RUNPATH_SEARCH_PATHS = (
					"$(inherited)",
					"@executable_path/../Frameworks",
				);
				MARKETING_VERSION = 1.0;
				PRODUCT_BUNDLE_IDENTIFIER = au.id.newton.Pathfinder2eReference;
				PRODUCT_NAME = "$(TARGET_NAME)";
				SWIFT_EMIT_LOC_STRINGS = YES;
				SWIFT_VERSION = 5.0;
			};
			name = Release;
		};
/* End XCBuildConfiguration section */

/* Begin XCConfigurationList section */
		48E099C827E012CD00FC341F /* Build configuration list for PBXProject "Pathfinder2eReference" */ = {
			isa = XCConfigurationList;
			buildConfigurations = (
				48E099DA27E012CE00FC341F /* Debug */,
				48E099DB27E012CE00FC341F /* Release */,
			);
			defaultConfigurationIsVisible = 0;
			defaultConfigurationName = Release;
		};
		48E099DC27E012CE00FC341F /* Build configuration list for PBXNativeTarget "Pathfinder2eReference" */ = {
			isa = XCConfigurationList;
			buildConfigurations = (
				48E099DD27E012CE00FC341F /* Debug */,
				48E099DE27E012CE00FC341F /* Release */,
			);
			defaultConfigurationIsVisible = 0;
			defaultConfigurationName = Release;
		};
/* End XCConfigurationList section */
	};
	rootObject = 48E099C527E012CD00FC341F /* Project object */;
}
